// !$*UTF8*$!
{
	archiveVersion = 1;
	classes = {
	};
	objectVersion = 46;
	objects = {

/* Begin PBXBuildFile section */
		630C06791D2E024B005E74E3 /* ButtonCustomLayout.swift in Sources */ = {isa = PBXBuildFile; fileRef = 630C06781D2E024B005E74E3 /* ButtonCustomLayout.swift */; };
		630C067B1D2E0644005E74E3 /* ButtonCollectionViewCell.swift in Sources */ = {isa = PBXBuildFile; fileRef = 630C067A1D2E0644005E74E3 /* ButtonCollectionViewCell.swift */; };
		630D601F1D25B7AE0009D2BC /* AppDelegate.swift in Sources */ = {isa = PBXBuildFile; fileRef = 630D601E1D25B7AE0009D2BC /* AppDelegate.swift */; };
		630D60211D25B7AE0009D2BC /* MedicationViewController.swift in Sources */ = {isa = PBXBuildFile; fileRef = 630D60201D25B7AE0009D2BC /* MedicationViewController.swift */; };
		630D60241D25B7AE0009D2BC /* Main.storyboard in Resources */ = {isa = PBXBuildFile; fileRef = 630D60221D25B7AE0009D2BC /* Main.storyboard */; };
		630D60261D25B7AE0009D2BC /* Assets.xcassets in Resources */ = {isa = PBXBuildFile; fileRef = 630D60251D25B7AE0009D2BC /* Assets.xcassets */; };
		630D60291D25B7AE0009D2BC /* LaunchScreen.storyboard in Resources */ = {isa = PBXBuildFile; fileRef = 630D60271D25B7AE0009D2BC /* LaunchScreen.storyboard */; };
		631B8B621D2D9F5700011ADD /* DatePickerViewController.swift in Sources */ = {isa = PBXBuildFile; fileRef = 631B8B611D2D9F5700011ADD /* DatePickerViewController.swift */; };
		6340E6A21D2FFDA4004F37BC /* HistoryViewController.swift in Sources */ = {isa = PBXBuildFile; fileRef = 6340E6A11D2FFDA4004F37BC /* HistoryViewController.swift */; };
		6347A9D21D26C3D600CEAA5C /* Medication.swift in Sources */ = {isa = PBXBuildFile; fileRef = 6347A9D11D26C3D600CEAA5C /* Medication.swift */; };
		6347A9D41D26CA8700CEAA5C /* Injection.swift in Sources */ = {isa = PBXBuildFile; fileRef = 6347A9D31D26CA8700CEAA5C /* Injection.swift */; };
		6347A9D81D26EFEB00CEAA5C /* MedicationDictionary.swift in Sources */ = {isa = PBXBuildFile; fileRef = 6347A9D71D26EFEB00CEAA5C /* MedicationDictionary.swift */; };
		6347A9DA1D26F4E900CEAA5C /* Setup.swift in Sources */ = {isa = PBXBuildFile; fileRef = 6347A9D91D26F4E900CEAA5C /* Setup.swift */; };
		6347A9DC1D27194D00CEAA5C /* DoseViewController.swift in Sources */ = {isa = PBXBuildFile; fileRef = 6347A9DB1D27194D00CEAA5C /* DoseViewController.swift */; };
		6347A9DE1D27197200CEAA5C /* LocationViewController.swift in Sources */ = {isa = PBXBuildFile; fileRef = 6347A9DD1D27197200CEAA5C /* LocationViewController.swift */; };
		6347A9E01D27198E00CEAA5C /* ConfirmationViewController.swift in Sources */ = {isa = PBXBuildFile; fileRef = 6347A9DF1D27198E00CEAA5C /* ConfirmationViewController.swift */; };
		6347A9E21D271A2700CEAA5C /* DateViewController.swift in Sources */ = {isa = PBXBuildFile; fileRef = 6347A9E11D271A2700CEAA5C /* DateViewController.swift */; };
		636CD1701D2F272300FF9F82 /* MedicationData.swift in Sources */ = {isa = PBXBuildFile; fileRef = 636CD16F1D2F272300FF9F82 /* MedicationData.swift */; };
		6393EF121D2F96D600EF6B51 /* DoseCollectionViewCell.swift in Sources */ = {isa = PBXBuildFile; fileRef = 6393EF111D2F96D600EF6B51 /* DoseCollectionViewCell.swift */; };
		6393EF161D2F971A00EF6B51 /* LocationCollectionViewCell.swift in Sources */ = {isa = PBXBuildFile; fileRef = 6393EF151D2F971A00EF6B51 /* LocationCollectionViewCell.swift */; };
/* End PBXBuildFile section */

/* Begin PBXFileReference section */
		630C06781D2E024B005E74E3 /* ButtonCustomLayout.swift */ = {isa = PBXFileReference; fileEncoding = 4; lastKnownFileType = sourcecode.swift; path = ButtonCustomLayout.swift; sourceTree = "<group>"; };
		630C067A1D2E0644005E74E3 /* ButtonCollectionViewCell.swift */ = {isa = PBXFileReference; fileEncoding = 4; lastKnownFileType = sourcecode.swift; path = ButtonCollectionViewCell.swift; sourceTree = "<group>"; };
		630D601B1D25B7AE0009D2BC /* HypoTrack.app */ = {isa = PBXFileReference; explicitFileType = wrapper.application; includeInIndex = 0; path = HypoTrack.app; sourceTree = BUILT_PRODUCTS_DIR; };
		630D601E1D25B7AE0009D2BC /* AppDelegate.swift */ = {isa = PBXFileReference; lastKnownFileType = sourcecode.swift; path = AppDelegate.swift; sourceTree = "<group>"; };
		630D60201D25B7AE0009D2BC /* MedicationViewController.swift */ = {isa = PBXFileReference; lastKnownFileType = sourcecode.swift; path = MedicationViewController.swift; sourceTree = "<group>"; };
		630D60231D25B7AE0009D2BC /* Base */ = {isa = PBXFileReference; lastKnownFileType = file.storyboard; name = Base; path = Base.lproj/Main.storyboard; sourceTree = "<group>"; };
		630D60251D25B7AE0009D2BC /* Assets.xcassets */ = {isa = PBXFileReference; lastKnownFileType = folder.assetcatalog; path = Assets.xcassets; sourceTree = "<group>"; };
		630D60281D25B7AE0009D2BC /* Base */ = {isa = PBXFileReference; lastKnownFileType = file.storyboard; name = Base; path = Base.lproj/LaunchScreen.storyboard; sourceTree = "<group>"; };
		630D602A1D25B7AE0009D2BC /* Info.plist */ = {isa = PBXFileReference; lastKnownFileType = text.plist.xml; path = Info.plist; sourceTree = "<group>"; };
		631B8B611D2D9F5700011ADD /* DatePickerViewController.swift */ = {isa = PBXFileReference; fileEncoding = 4; lastKnownFileType = sourcecode.swift; path = DatePickerViewController.swift; sourceTree = "<group>"; };
		6340E6A11D2FFDA4004F37BC /* HistoryViewController.swift */ = {isa = PBXFileReference; fileEncoding = 4; lastKnownFileType = sourcecode.swift; path = HistoryViewController.swift; sourceTree = "<group>"; };
		6347A9D11D26C3D600CEAA5C /* Medication.swift */ = {isa = PBXFileReference; fileEncoding = 4; lastKnownFileType = sourcecode.swift; path = Medication.swift; sourceTree = "<group>"; };
		6347A9D31D26CA8700CEAA5C /* Injection.swift */ = {isa = PBXFileReference; fileEncoding = 4; lastKnownFileType = sourcecode.swift; path = Injection.swift; sourceTree = "<group>"; };
		6347A9D71D26EFEB00CEAA5C /* MedicationDictionary.swift */ = {isa = PBXFileReference; fileEncoding = 4; lastKnownFileType = sourcecode.swift; path = MedicationDictionary.swift; sourceTree = "<group>"; };
		6347A9D91D26F4E900CEAA5C /* Setup.swift */ = {isa = PBXFileReference; fileEncoding = 4; lastKnownFileType = sourcecode.swift; path = Setup.swift; sourceTree = "<group>"; };
		6347A9DB1D27194D00CEAA5C /* DoseViewController.swift */ = {isa = PBXFileReference; fileEncoding = 4; lastKnownFileType = sourcecode.swift; path = DoseViewController.swift; sourceTree = "<group>"; };
		6347A9DD1D27197200CEAA5C /* LocationViewController.swift */ = {isa = PBXFileReference; fileEncoding = 4; lastKnownFileType = sourcecode.swift; path = LocationViewController.swift; sourceTree = "<group>"; };
		6347A9DF1D27198E00CEAA5C /* ConfirmationViewController.swift */ = {isa = PBXFileReference; fileEncoding = 4; lastKnownFileType = sourcecode.swift; path = ConfirmationViewController.swift; sourceTree = "<group>"; };
		6347A9E11D271A2700CEAA5C /* DateViewController.swift */ = {isa = PBXFileReference; fileEncoding = 4; lastKnownFileType = sourcecode.swift; path = DateViewController.swift; sourceTree = "<group>"; };
		636CD16F1D2F272300FF9F82 /* MedicationData.swift */ = {isa = PBXFileReference; fileEncoding = 4; lastKnownFileType = sourcecode.swift; path = MedicationData.swift; sourceTree = "<group>"; };
		6393EF111D2F96D600EF6B51 /* DoseCollectionViewCell.swift */ = {isa = PBXFileReference; fileEncoding = 4; lastKnownFileType = sourcecode.swift; path = DoseCollectionViewCell.swift; sourceTree = "<group>"; };
		6393EF151D2F971A00EF6B51 /* LocationCollectionViewCell.swift */ = {isa = PBXFileReference; fileEncoding = 4; lastKnownFileType = sourcecode.swift; path = LocationCollectionViewCell.swift; sourceTree = "<group>"; };
/* End PBXFileReference section */

/* Begin PBXFrameworksBuildPhase section */
		630D60181D25B7AE0009D2BC /* Frameworks */ = {
			isa = PBXFrameworksBuildPhase;
			buildActionMask = 2147483647;
			files = (
			);
			runOnlyForDeploymentPostprocessing = 0;
		};
/* End PBXFrameworksBuildPhase section */

/* Begin PBXGroup section */
		630C067C1D2E0656005E74E3 /* Medication */ = {
			isa = PBXGroup;
			children = (
				630D60201D25B7AE0009D2BC /* MedicationViewController.swift */,
				630C06781D2E024B005E74E3 /* ButtonCustomLayout.swift */,
				630C067A1D2E0644005E74E3 /* ButtonCollectionViewCell.swift */,
			);
			name = Medication;
			sourceTree = "<group>";
		};
		630C067D1D2E0674005E74E3 /* Dose */ = {
			isa = PBXGroup;
			children = (
				6347A9DB1D27194D00CEAA5C /* DoseViewController.swift */,
				6393EF111D2F96D600EF6B51 /* DoseCollectionViewCell.swift */,
			);
			name = Dose;
			sourceTree = "<group>";
		};
		630C067E1D2E068D005E74E3 /* Location */ = {
			isa = PBXGroup;
			children = (
				6347A9DD1D27197200CEAA5C /* LocationViewController.swift */,
				6393EF151D2F971A00EF6B51 /* LocationCollectionViewCell.swift */,
			);
			name = Location;
			sourceTree = "<group>";
		};
		630C067F1D2E06B0005E74E3 /* Date */ = {
			isa = PBXGroup;
			children = (
				6347A9E11D271A2700CEAA5C /* DateViewController.swift */,
				631B8B611D2D9F5700011ADD /* DatePickerViewController.swift */,
			);
			name = Date;
			sourceTree = "<group>";
		};
		630D60121D25B7AE0009D2BC = {
			isa = PBXGroup;
			children = (
				630D601D1D25B7AE0009D2BC /* HypoTrack */,
				630D601C1D25B7AE0009D2BC /* Products */,
			);
			sourceTree = "<group>";
		};
		630D601C1D25B7AE0009D2BC /* Products */ = {
			isa = PBXGroup;
			children = (
				630D601B1D25B7AE0009D2BC /* HypoTrack.app */,
			);
			name = Products;
			sourceTree = "<group>";
		};
		630D601D1D25B7AE0009D2BC /* HypoTrack */ = {
			isa = PBXGroup;
			children = (
				635CAD731D25C83A003ABCA5 /* App Global */,
				635CAD6F1D25C6FD003ABCA5 /* Model */,
				635CAD701D25C712003ABCA5 /* View */,
				635CAD711D25C725003ABCA5 /* Controller */,
				635CAD721D25C746003ABCA5 /* Utility */,
			);
			path = HypoTrack;
			sourceTree = "<group>";
		};
		635CAD6F1D25C6FD003ABCA5 /* Model */ = {
			isa = PBXGroup;
			children = (
				6347A9D11D26C3D600CEAA5C /* Medication.swift */,
				636CD16F1D2F272300FF9F82 /* MedicationData.swift */,
				6347A9D31D26CA8700CEAA5C /* Injection.swift */,
			);
			name = Model;
			sourceTree = "<group>";
		};
		635CAD701D25C712003ABCA5 /* View */ = {
			isa = PBXGroup;
			children = (
				630D60251D25B7AE0009D2BC /* Assets.xcassets */,
				630D60271D25B7AE0009D2BC /* LaunchScreen.storyboard */,
				630D60221D25B7AE0009D2BC /* Main.storyboard */,
			);
			name = View;
			sourceTree = "<group>";
		};
		635CAD711D25C725003ABCA5 /* Controller */ = {
			isa = PBXGroup;
			children = (
				630C067C1D2E0656005E74E3 /* Medication */,
				6340E6A11D2FFDA4004F37BC /* HistoryViewController.swift */,
				630C067D1D2E0674005E74E3 /* Dose */,
				630C067E1D2E068D005E74E3 /* Location */,
				630C067F1D2E06B0005E74E3 /* Date */,
				6347A9DF1D27198E00CEAA5C /* ConfirmationViewController.swift */,
			);
			name = Controller;
			sourceTree = "<group>";
		};
		635CAD721D25C746003ABCA5 /* Utility */ = {
			isa = PBXGroup;
			children = (
			);
			name = Utility;
			sourceTree = "<group>";
		};
		635CAD731D25C83A003ABCA5 /* App Global */ = {
			isa = PBXGroup;
			children = (
				630D601E1D25B7AE0009D2BC /* AppDelegate.swift */,
				6347A9D91D26F4E900CEAA5C /* Setup.swift */,
				6347A9D71D26EFEB00CEAA5C /* MedicationDictionary.swift */,
				630D602A1D25B7AE0009D2BC /* Info.plist */,
			);
			name = "App Global";
			sourceTree = "<group>";
		};
/* End PBXGroup section */

/* Begin PBXNativeTarget section */
		630D601A1D25B7AE0009D2BC /* HypoTrack */ = {
			isa = PBXNativeTarget;
			buildConfigurationList = 630D602D1D25B7AE0009D2BC /* Build configuration list for PBXNativeTarget "HypoTrack" */;
			buildPhases = (
				630D60171D25B7AE0009D2BC /* Sources */,
				630D60181D25B7AE0009D2BC /* Frameworks */,
				630D60191D25B7AE0009D2BC /* Resources */,
			);
			buildRules = (
			);
			dependencies = (
			);
			name = HypoTrack;
			productName = HypoTrack;
			productReference = 630D601B1D25B7AE0009D2BC /* HypoTrack.app */;
			productType = "com.apple.product-type.application";
		};
/* End PBXNativeTarget section */

/* Begin PBXProject section */
		630D60131D25B7AE0009D2BC /* Project object */ = {
			isa = PBXProject;
			attributes = {
				LastSwiftUpdateCheck = 0730;
				LastUpgradeCheck = 0730;
				ORGANIZATIONNAME = "David Livingstone";
				TargetAttributes = {
					630D601A1D25B7AE0009D2BC = {
						CreatedOnToolsVersion = 7.3.1;
					};
				};
			};
			buildConfigurationList = 630D60161D25B7AE0009D2BC /* Build configuration list for PBXProject "HypoTrack" */;
			compatibilityVersion = "Xcode 3.2";
			developmentRegion = English;
			hasScannedForEncodings = 0;
			knownRegions = (
				en,
				Base,
			);
			mainGroup = 630D60121D25B7AE0009D2BC;
			productRefGroup = 630D601C1D25B7AE0009D2BC /* Products */;
			projectDirPath = "";
			projectRoot = "";
			targets = (
				630D601A1D25B7AE0009D2BC /* HypoTrack */,
			);
		};
/* End PBXProject section */

/* Begin PBXResourcesBuildPhase section */
		630D60191D25B7AE0009D2BC /* Resources */ = {
			isa = PBXResourcesBuildPhase;
			buildActionMask = 2147483647;
			files = (
				630D60291D25B7AE0009D2BC /* LaunchScreen.storyboard in Resources */,
				630D60261D25B7AE0009D2BC /* Assets.xcassets in Resources */,
				630D60241D25B7AE0009D2BC /* Main.storyboard in Resources */,
			);
			runOnlyForDeploymentPostprocessing = 0;
		};
/* End PBXResourcesBuildPhase section */

/* Begin PBXSourcesBuildPhase section */
		630D60171D25B7AE0009D2BC /* Sources */ = {
			isa = PBXSourcesBuildPhase;
			buildActionMask = 2147483647;
			files = (
				6347A9D81D26EFEB00CEAA5C /* MedicationDictionary.swift in Sources */,
				630C06791D2E024B005E74E3 /* ButtonCustomLayout.swift in Sources */,
				630D60211D25B7AE0009D2BC /* MedicationViewController.swift in Sources */,
				6347A9D41D26CA8700CEAA5C /* Injection.swift in Sources */,
				6347A9E01D27198E00CEAA5C /* ConfirmationViewController.swift in Sources */,
				631B8B621D2D9F5700011ADD /* DatePickerViewController.swift in Sources */,
				636CD1701D2F272300FF9F82 /* MedicationData.swift in Sources */,
				6347A9D21D26C3D600CEAA5C /* Medication.swift in Sources */,
				6393EF121D2F96D600EF6B51 /* DoseCollectionViewCell.swift in Sources */,
				6347A9DA1D26F4E900CEAA5C /* Setup.swift in Sources */,
				6347A9DE1D27197200CEAA5C /* LocationViewController.swift in Sources */,
				630D601F1D25B7AE0009D2BC /* AppDelegate.swift in Sources */,
				6393EF161D2F971A00EF6B51 /* LocationCollectionViewCell.swift in Sources */,
				6347A9DC1D27194D00CEAA5C /* DoseViewController.swift in Sources */,
				6347A9E21D271A2700CEAA5C /* DateViewController.swift in Sources */,
				6340E6A21D2FFDA4004F37BC /* HistoryViewController.swift in Sources */,
				630C067B1D2E0644005E74E3 /* ButtonCollectionViewCell.swift in Sources */,
			);
			runOnlyForDeploymentPostprocessing = 0;
		};
/* End PBXSourcesBuildPhase section */

/* Begin PBXVariantGroup section */
		630D60221D25B7AE0009D2BC /* Main.storyboard */ = {
			isa = PBXVariantGroup;
			children = (
				630D60231D25B7AE0009D2BC /* Base */,
			);
			name = Main.storyboard;
			sourceTree = "<group>";
		};
		630D60271D25B7AE0009D2BC /* LaunchScreen.storyboard */ = {
			isa = PBXVariantGroup;
			children = (
				630D60281D25B7AE0009D2BC /* Base */,
			);
			name = LaunchScreen.storyboard;
			sourceTree = "<group>";
		};
/* End PBXVariantGroup section */

/* Begin XCBuildConfiguration section */
		630D602B1D25B7AE0009D2BC /* Debug */ = {
			isa = XCBuildConfiguration;
			buildSettings = {
				ALWAYS_SEARCH_USER_PATHS = NO;
				CLANG_ANALYZER_NONNULL = YES;
				CLANG_CXX_LANGUAGE_STANDARD = "gnu++0x";
				CLANG_CXX_LIBRARY = "libc++";
				CLANG_ENABLE_MODULES = YES;
				CLANG_ENABLE_OBJC_ARC = YES;
				CLANG_WARN_BOOL_CONVERSION = YES;
				CLANG_WARN_CONSTANT_CONVERSION = YES;
				CLANG_WARN_DIRECT_OBJC_ISA_USAGE = YES_ERROR;
				CLANG_WARN_EMPTY_BODY = YES;
				CLANG_WARN_ENUM_CONVERSION = YES;
				CLANG_WARN_INT_CONVERSION = YES;
				CLANG_WARN_OBJC_ROOT_CLASS = YES_ERROR;
				CLANG_WARN_UNREACHABLE_CODE = YES;
				CLANG_WARN__DUPLICATE_METHOD_MATCH = YES;
				"CODE_SIGN_IDENTITY[sdk=iphoneos*]" = "iPhone Developer";
				COPY_PHASE_STRIP = NO;
				DEBUG_INFORMATION_FORMAT = dwarf;
				ENABLE_STRICT_OBJC_MSGSEND = YES;
				ENABLE_TESTABILITY = YES;
				GCC_C_LANGUAGE_STANDARD = gnu99;
				GCC_DYNAMIC_NO_PIC = NO;
				GCC_NO_COMMON_BLOCKS = YES;
				GCC_OPTIMIZATION_LEVEL = 0;
				GCC_PREPROCESSOR_DEFINITIONS = (
					"DEBUG=1",
					"$(inherited)",
				);
				GCC_WARN_64_TO_32_BIT_CONVERSION = YES;
				GCC_WARN_ABOUT_RETURN_TYPE = YES_ERROR;
				GCC_WARN_UNDECLARED_SELECTOR = YES;
				GCC_WARN_UNINITIALIZED_AUTOS = YES_AGGRESSIVE;
				GCC_WARN_UNUSED_FUNCTION = YES;
				GCC_WARN_UNUSED_VARIABLE = YES;
				IPHONEOS_DEPLOYMENT_TARGET = 9.3;
				MTL_ENABLE_DEBUG_INFO = YES;
				ONLY_ACTIVE_ARCH = YES;
				SDKROOT = iphoneos;
				SWIFT_OPTIMIZATION_LEVEL = "-Onone";
				TARGETED_DEVICE_FAMILY = "1,2";
			};
			name = Debug;
		};
		630D602C1D25B7AE0009D2BC /* Release */ = {
			isa = XCBuildConfiguration;
			buildSettings = {
				ALWAYS_SEARCH_USER_PATHS = NO;
				CLANG_ANALYZER_NONNULL = YES;
				CLANG_CXX_LANGUAGE_STANDARD = "gnu++0x";
				CLANG_CXX_LIBRARY = "libc++";
				CLANG_ENABLE_MODULES = YES;
				CLANG_ENABLE_OBJC_ARC = YES;
				CLANG_WARN_BOOL_CONVERSION = YES;
				CLANG_WARN_CONSTANT_CONVERSION = YES;
				CLANG_WARN_DIRECT_OBJC_ISA_USAGE = YES_ERROR;
				CLANG_WARN_EMPTY_BODY = YES;
				CLANG_WARN_ENUM_CONVERSION = YES;
				CLANG_WARN_INT_CONVERSION = YES;
				CLANG_WARN_OBJC_ROOT_CLASS = YES_ERROR;
				CLANG_WARN_UNREACHABLE_CODE = YES;
				CLANG_WARN__DUPLICATE_METHOD_MATCH = YES;
				"CODE_SIGN_IDENTITY[sdk=iphoneos*]" = "iPhone Developer";
				COPY_PHASE_STRIP = NO;
				DEBUG_INFORMATION_FORMAT = "dwarf-with-dsym";
				ENABLE_NS_ASSERTIONS = NO;
				ENABLE_STRICT_OBJC_MSGSEND = YES;
				GCC_C_LANGUAGE_STANDARD = gnu99;
				GCC_NO_COMMON_BLOCKS = YES;
				GCC_WARN_64_TO_32_BIT_CONVERSION = YES;
				GCC_WARN_ABOUT_RETURN_TYPE = YES_ERROR;
				GCC_WARN_UNDECLARED_SELECTOR = YES;
				GCC_WARN_UNINITIALIZED_AUTOS = YES_AGGRESSIVE;
				GCC_WARN_UNUSED_FUNCTION = YES;
				GCC_WARN_UNUSED_VARIABLE = YES;
				IPHONEOS_DEPLOYMENT_TARGET = 9.3;
				MTL_ENABLE_DEBUG_INFO = NO;
				SDKROOT = iphoneos;
				TARGETED_DEVICE_FAMILY = "1,2";
				VALIDATE_PRODUCT = YES;
			};
			name = Release;
		};
		630D602E1D25B7AE0009D2BC /* Debug */ = {
			isa = XCBuildConfiguration;
			buildSettings = {
				ASSETCATALOG_COMPILER_APPICON_NAME = AppIcon;
				INFOPLIST_FILE = HypoTrack/Info.plist;
				LD_RUNPATH_SEARCH_PATHS = "$(inherited) @executable_path/Frameworks";
				PRODUCT_BUNDLE_IDENTIFIER = tl.david.HypoTrack;
				PRODUCT_NAME = "$(TARGET_NAME)";
			};
			name = Debug;
		};
		630D602F1D25B7AE0009D2BC /* Release */ = {
			isa = XCBuildConfiguration;
			buildSettings = {
				ASSETCATALOG_COMPILER_APPICON_NAME = AppIcon;
				INFOPLIST_FILE = HypoTrack/Info.plist;
				LD_RUNPATH_SEARCH_PATHS = "$(inherited) @executable_path/Frameworks";
				PRODUCT_BUNDLE_IDENTIFIER = tl.david.HypoTrack;
				PRODUCT_NAME = "$(TARGET_NAME)";
			};
			name = Release;
		};
/* End XCBuildConfiguration section */

/* Begin XCConfigurationList section */
		630D60161D25B7AE0009D2BC /* Build configuration list for PBXProject "HypoTrack" */ = {
			isa = XCConfigurationList;
			buildConfigurations = (
				630D602B1D25B7AE0009D2BC /* Debug */,
				630D602C1D25B7AE0009D2BC /* Release */,
			);
			defaultConfigurationIsVisible = 0;
			defaultConfigurationName = Release;
		};
		630D602D1D25B7AE0009D2BC /* Build configuration list for PBXNativeTarget "HypoTrack" */ = {
			isa = XCConfigurationList;
			buildConfigurations = (
				630D602E1D25B7AE0009D2BC /* Debug */,
				630D602F1D25B7AE0009D2BC /* Release */,
			);
			defaultConfigurationIsVisible = 0;
			defaultConfigurationName = Release;
		};
/* End XCConfigurationList section */
	};
	rootObject = 630D60131D25B7AE0009D2BC /* Project object */;
}
